
Microsoft Visual Studio Solution File, Format Version 12.00
# Visual Studio 15
VisualStudioVersion = 15.0.28010.2003
MinimumVisualStudioVersion = 10.0.40219.1
Project("{FAE04EC0-301F-11D3-BF4B-00C04F79EFBC}") = "WindowsFormsApp9", "WindowsFormsApp9\WindowsFormsApp9.csproj", "{18A2BF68-27F3-43F7-BB11-AA3D5BAD33A4}"
EndProject
Global
	GlobalSection(SolutionConfigurationPlatforms) = preSolution
		Debug|Any CPU = Debug|Any CPU
		Release|Any CPU = Release|Any CPU
	EndGlobalSection
	GlobalSection(ProjectConfigurationPlatforms) = postSolution
		{18A2BF68-27F3-43F7-BB11-AA3D5BAD33A4}.Debug|Any CPU.ActiveCfg = Debug|Any CPU
		{18A2BF68-27F3-43F7-BB11-AA3D5BAD33A4}.Debug|Any CPU.Build.0 = Debug|Any CPU
		{18A2BF68-27F3-43F7-BB11-AA3D5BAD33A4}.Release|Any CPU.ActiveCfg = Release|Any CPU
		{18A2BF68-27F3-43F7-BB11-AA3D5BAD33A4}.Release|Any CPU.Build.0 = Release|Any CPU
	EndGlobalSection
	GlobalSection(SolutionProperties) = preSolution
		HideSolutionNode = FALSE
	EndGlobalSection
	GlobalSection(ExtensibilityGlobals) = postSolution
		SolutionGuid = {1BA2C39A-1E0C-4DA5-9602-2AC31E68D4C4}
	EndGlobalSection
EndGlobal
